// !$*UTF8*$!
{
	archiveVersion = 1;
	classes = {
	};
	objectVersion = 50;
	objects = {

/* Begin PBXBuildFile section */
		63ADB9AD275F52DB00CA117B /* AppDelegate.swift in Sources */ = {isa = PBXBuildFile; fileRef = 63ADB9AC275F52DB00CA117B /* AppDelegate.swift */; };
		63ADB9AF275F52DB00CA117B /* SceneDelegate.swift in Sources */ = {isa = PBXBuildFile; fileRef = 63ADB9AE275F52DB00CA117B /* SceneDelegate.swift */; };
		63ADB9B1275F52DB00CA117B /* ViewController.swift in Sources */ = {isa = PBXBuildFile; fileRef = 63ADB9B0275F52DB00CA117B /* ViewController.swift */; };
		63ADB9B4275F52DB00CA117B /* Main.storyboard in Resources */ = {isa = PBXBuildFile; fileRef = 63ADB9B2275F52DB00CA117B /* Main.storyboard */; };
		63ADB9B6275F52E100CA117B /* Assets.xcassets in Resources */ = {isa = PBXBuildFile; fileRef = 63ADB9B5275F52E100CA117B /* Assets.xcassets */; };
		63ADB9B9275F52E100CA117B /* LaunchScreen.storyboard in Resources */ = {isa = PBXBuildFile; fileRef = 63ADB9B7275F52E100CA117B /* LaunchScreen.storyboard */; };
		A9EF1573817DF6D969DAF90C /* Pods_RxSwift_UITextLabel_UILabel.framework in Frameworks */ = {isa = PBXBuildFile; fileRef = 718E940C6232F13F222EEA7F /* Pods_RxSwift_UITextLabel_UILabel.framework */; };
/* End PBXBuildFile section */

/* Begin PBXFileReference section */
		2A9FEA23103AAEFC01F8440E /* Pods-RxSwift_UITextLabel_UILabel.debug.xcconfig */ = {isa = PBXFileReference; includeInIndex = 1; lastKnownFileType = text.xcconfig; name = "Pods-RxSwift_UITextLabel_UILabel.debug.xcconfig"; path = "Target Support Files/Pods-RxSwift_UITextLabel_UILabel/Pods-RxSwift_UITextLabel_UILabel.debug.xcconfig"; sourceTree = "<group>"; };
		63ADB9A9275F52DB00CA117B /* RxSwift_UITextLabel_UILabel.app */ = {isa = PBXFileReference; explicitFileType = wrapper.application; includeInIndex = 0; path = RxSwift_UITextLabel_UILabel.app; sourceTree = BUILT_PRODUCTS_DIR; };
		63ADB9AC275F52DB00CA117B /* AppDelegate.swift */ = {isa = PBXFileReference; lastKnownFileType = sourcecode.swift; path = AppDelegate.swift; sourceTree = "<group>"; };
		63ADB9AE275F52DB00CA117B /* SceneDelegate.swift */ = {isa = PBXFileReference; lastKnownFileType = sourcecode.swift; path = SceneDelegate.swift; sourceTree = "<group>"; };
		63ADB9B0275F52DB00CA117B /* ViewController.swift */ = {isa = PBXFileReference; lastKnownFileType = sourcecode.swift; path = ViewController.swift; sourceTree = "<group>"; };
		63ADB9B3275F52DB00CA117B /* Base */ = {isa = PBXFileReference; lastKnownFileType = file.storyboard; name = Base; path = Base.lproj/Main.storyboard; sourceTree = "<group>"; };
		63ADB9B5275F52E100CA117B /* Assets.xcassets */ = {isa = PBXFileReference; lastKnownFileType = folder.assetcatalog; path = Assets.xcassets; sourceTree = "<group>"; };
		63ADB9B8275F52E100CA117B /* Base */ = {isa = PBXFileReference; lastKnownFileType = file.storyboard; name = Base; path = Base.lproj/LaunchScreen.storyboard; sourceTree = "<group>"; };
		63ADB9BA275F52E100CA117B /* Info.plist */ = {isa = PBXFileReference; lastKnownFileType = text.plist.xml; path = Info.plist; sourceTree = "<group>"; };
		718E940C6232F13F222EEA7F /* Pods_RxSwift_UITextLabel_UILabel.framework */ = {isa = PBXFileReference; explicitFileType = wrapper.framework; includeInIndex = 0; path = Pods_RxSwift_UITextLabel_UILabel.framework; sourceTree = BUILT_PRODUCTS_DIR; };
		87C0506C644D0E57764A434E /* Pods-RxSwift_UITextLabel_UILabel.release.xcconfig */ = {isa = PBXFileReference; includeInIndex = 1; lastKnownFileType = text.xcconfig; name = "Pods-RxSwift_UITextLabel_UILabel.release.xcconfig"; path = "Target Support Files/Pods-RxSwift_UITextLabel_UILabel/Pods-RxSwift_UITextLabel_UILabel.release.xcconfig"; sourceTree = "<group>"; };
/* End PBXFileReference section */

/* Begin PBXFrameworksBuildPhase section */
		63ADB9A6275F52DB00CA117B /* Frameworks */ = {
			isa = PBXFrameworksBuildPhase;
			buildActionMask = 2147483647;
			files = (
				A9EF1573817DF6D969DAF90C /* Pods_RxSwift_UITextLabel_UILabel.framework in Frameworks */,
			);
			runOnlyForDeploymentPostprocessing = 0;
		};
/* End PBXFrameworksBuildPhase section */

/* Begin PBXGroup section */
		63ADB9A0275F52DA00CA117B = {
			isa = PBXGroup;
			children = (
				63ADB9AB275F52DB00CA117B /* RxSwift_UITextLabel_UILabel */,
				63ADB9AA275F52DB00CA117B /* Products */,
				E933FD920DA6CC9524ED425D /* Pods */,
				76598C5BE46A0B9652F6CF69 /* Frameworks */,
			);
			sourceTree = "<group>";
		};
		63ADB9AA275F52DB00CA117B /* Products */ = {
			isa = PBXGroup;
			children = (
				63ADB9A9275F52DB00CA117B /* RxSwift_UITextLabel_UILabel.app */,
			);
			name = Products;
			sourceTree = "<group>";
		};
		63ADB9AB275F52DB00CA117B /* RxSwift_UITextLabel_UILabel */ = {
			isa = PBXGroup;
			children = (
				63ADB9AC275F52DB00CA117B /* AppDelegate.swift */,
				63ADB9AE275F52DB00CA117B /* SceneDelegate.swift */,
				63ADB9B0275F52DB00CA117B /* ViewController.swift */,
				63ADB9B2275F52DB00CA117B /* Main.storyboard */,
				63ADB9B5275F52E100CA117B /* Assets.xcassets */,
				63ADB9B7275F52E100CA117B /* LaunchScreen.storyboard */,
				63ADB9BA275F52E100CA117B /* Info.plist */,
			);
			path = RxSwift_UITextLabel_UILabel;
			sourceTree = "<group>";
		};
		76598C5BE46A0B9652F6CF69 /* Frameworks */ = {
			isa = PBXGroup;
			children = (
				718E940C6232F13F222EEA7F /* Pods_RxSwift_UITextLabel_UILabel.framework */,
			);
			name = Frameworks;
			sourceTree = "<group>";
		};
		E933FD920DA6CC9524ED425D /* Pods */ = {
			isa = PBXGroup;
			children = (
				2A9FEA23103AAEFC01F8440E /* Pods-RxSwift_UITextLabel_UILabel.debug.xcconfig */,
				87C0506C644D0E57764A434E /* Pods-RxSwift_UITextLabel_UILabel.release.xcconfig */,
			);
			name = Pods;
			path = Pods;
			sourceTree = "<group>";
		};
/* End PBXGroup section */

/* Begin PBXNativeTarget section */
		63ADB9A8275F52DB00CA117B /* RxSwift_UITextLabel_UILabel */ = {
			isa = PBXNativeTarget;
			buildConfigurationList = 63ADB9BD275F52E100CA117B /* Build configuration list for PBXNativeTarget "RxSwift_UITextLabel_UILabel" */;
			buildPhases = (
				E79D54FFEBE54F4CFCF5F8B1 /* [CP] Check Pods Manifest.lock */,
				63ADB9A5275F52DB00CA117B /* Sources */,
				63ADB9A6275F52DB00CA117B /* Frameworks */,
				63ADB9A7275F52DB00CA117B /* Resources */,
				D2097118DFDFD19386922882 /* [CP] Embed Pods Frameworks */,
			);
			buildRules = (
			);
			dependencies = (
			);
			name = RxSwift_UITextLabel_UILabel;
			productName = RxSwift_UITextLabel_UILabel;
			productReference = 63ADB9A9275F52DB00CA117B /* RxSwift_UITextLabel_UILabel.app */;
			productType = "com.apple.product-type.application";
		};
/* End PBXNativeTarget section */

/* Begin PBXProject section */
		63ADB9A1275F52DB00CA117B /* Project object */ = {
			isa = PBXProject;
			attributes = {
				LastSwiftUpdateCheck = 1250;
				LastUpgradeCheck = 1250;
				TargetAttributes = {
					63ADB9A8275F52DB00CA117B = {
						CreatedOnToolsVersion = 12.5.1;
					};
				};
			};
			buildConfigurationList = 63ADB9A4275F52DB00CA117B /* Build configuration list for PBXProject "RxSwift_UITextLabel_UILabel" */;
			compatibilityVersion = "Xcode 9.3";
			developmentRegion = en;
			hasScannedForEncodings = 0;
			knownRegions = (
				en,
				Base,
			);
			mainGroup = 63ADB9A0275F52DA00CA117B;
			productRefGroup = 63ADB9AA275F52DB00CA117B /* Products */;
			projectDirPath = "";
			projectRoot = "";
			targets = (
				63ADB9A8275F52DB00CA117B /* RxSwift_UITextLabel_UILabel */,
			);
		};
/* End PBXProject section */

/* Begin PBXResourcesBuildPhase section */
		63ADB9A7275F52DB00CA117B /* Resources */ = {
			isa = PBXResourcesBuildPhase;
			buildActionMask = 2147483647;
			files = (
				63ADB9B9275F52E100CA117B /* LaunchScreen.storyboard in Resources */,
				63ADB9B6275F52E100CA117B /* Assets.xcassets in Resources */,
				63ADB9B4275F52DB00CA117B /* Main.storyboard in Resources */,
			);
			runOnlyForDeploymentPostprocessing = 0;
		};
/* End PBXResourcesBuildPhase section */

/* Begin PBXShellScriptBuildPhase section */
		D2097118DFDFD19386922882 /* [CP] Embed Pods Frameworks */ = {
			isa = PBXShellScriptBuildPhase;
			buildActionMask = 2147483647;
			files = (
			);
			inputFileListPaths = (
				"${PODS_ROOT}/Target Support Files/Pods-RxSwift_UITextLabel_UILabel/Pods-RxSwift_UITextLabel_UILabel-frameworks-${CONFIGURATION}-input-files.xcfilelist",
			);
			name = "[CP] Embed Pods Frameworks";
			outputFileListPaths = (
				"${PODS_ROOT}/Target Support Files/Pods-RxSwift_UITextLabel_UILabel/Pods-RxSwift_UITextLabel_UILabel-frameworks-${CONFIGURATION}-output-files.xcfilelist",
			);
			runOnlyForDeploymentPostprocessing = 0;
			shellPath = /bin/sh;
			shellScript = "\"${PODS_ROOT}/Target Support Files/Pods-RxSwift_UITextLabel_UILabel/Pods-RxSwift_UITextLabel_UILabel-frameworks.sh\"\n";
			showEnvVarsInLog = 0;
		};
		E79D54FFEBE54F4CFCF5F8B1 /* [CP] Check Pods Manifest.lock */ = {
			isa = PBXShellScriptBuildPhase;
			buildActionMask = 2147483647;
			files = (
			);
			inputFileListPaths = (
			);
			inputPaths = (
				"${PODS_PODFILE_DIR_PATH}/Podfile.lock",
				"${PODS_ROOT}/Manifest.lock",
			);
			name = "[CP] Check Pods Manifest.lock";
			outputFileListPaths = (
			);
			outputPaths = (
				"$(DERIVED_FILE_DIR)/Pods-RxSwift_UITextLabel_UILabel-checkManifestLockResult.txt",
			);
			runOnlyForDeploymentPostprocessing = 0;
			shellPath = /bin/sh;
			shellScript = "diff \"${PODS_PODFILE_DIR_PATH}/Podfile.lock\" \"${PODS_ROOT}/Manifest.lock\" > /dev/null\nif [ $? != 0 ] ; then\n    # print error to STDERR\n    echo \"error: The sandbox is not in sync with the Podfile.lock. Run 'pod install' or update your CocoaPods installation.\" >&2\n    exit 1\nfi\n# This output is used by Xcode 'outputs' to avoid re-running this script phase.\necho \"SUCCESS\" > \"${SCRIPT_OUTPUT_FILE_0}\"\n";
			showEnvVarsInLog = 0;
		};
/* End PBXShellScriptBuildPhase section */

/* Begin PBXSourcesBuildPhase section */
		63ADB9A5275F52DB00CA117B /* Sources */ = {
			isa = PBXSourcesBuildPhase;
			buildActionMask = 2147483647;
			files = (
				63ADB9B1275F52DB00CA117B /* ViewController.swift in Sources */,
				63ADB9AD275F52DB00CA117B /* AppDelegate.swift in Sources */,
				63ADB9AF275F52DB00CA117B /* SceneDelegate.swift in Sources */,
			);
			runOnlyForDeploymentPostprocessing = 0;
		};
/* End PBXSourcesBuildPhase section */

/* Begin PBXVariantGroup section */
		63ADB9B2275F52DB00CA117B /* Main.storyboard */ = {
			isa = PBXVariantGroup;
			children = (
				63ADB9B3275F52DB00CA117B /* Base */,
			);
			name = Main.storyboard;
			sourceTree = "<group>";
		};
		63ADB9B7275F52E100CA117B /* LaunchScreen.storyboard */ = {
			isa = PBXVariantGroup;
			children = (
				63ADB9B8275F52E100CA117B /* Base */,
			);
			name = LaunchScreen.storyboard;
			sourceTree = "<group>";
		};
/* End PBXVariantGroup section */

/* Begin XCBuildConfiguration section */
		63ADB9BB275F52E100CA117B /* Debug */ = {
			isa = XCBuildConfiguration;
			buildSettings = {
				ALWAYS_SEARCH_USER_PATHS = NO;
				CLANG_ANALYZER_NONNULL = YES;
				CLANG_ANALYZER_NUMBER_OBJECT_CONVERSION = YES_AGGRESSIVE;
				CLANG_CXX_LANGUAGE_STANDARD = "gnu++14";
				CLANG_CXX_LIBRARY = "libc++";
				CLANG_ENABLE_MODULES = YES;
				CLANG_ENABLE_OBJC_ARC = YES;
				CLANG_ENABLE_OBJC_WEAK = YES;
				CLANG_WARN_BLOCK_CAPTURE_AUTORELEASING = YES;
				CLANG_WARN_BOOL_CONVERSION = YES;
				CLANG_WARN_COMMA = YES;
				CLANG_WARN_CONSTANT_CONVERSION = YES;
				CLANG_WARN_DEPRECATED_OBJC_IMPLEMENTATIONS = YES;
				CLANG_WARN_DIRECT_OBJC_ISA_USAGE = YES_ERROR;
				CLANG_WARN_DOCUMENTATION_COMMENTS = YES;
				CLANG_WARN_EMPTY_BODY = YES;
				CLANG_WARN_ENUM_CONVERSION = YES;
				CLANG_WARN_INFINITE_RECURSION = YES;
				CLANG_WARN_INT_CONVERSION = YES;
				CLANG_WARN_NON_LITERAL_NULL_CONVERSION = YES;
				CLANG_WARN_OBJC_IMPLICIT_RETAIN_SELF = YES;
				CLANG_WARN_OBJC_LITERAL_CONVERSION = YES;
				CLANG_WARN_OBJC_ROOT_CLASS = YES_ERROR;
				CLANG_WARN_QUOTED_INCLUDE_IN_FRAMEWORK_HEADER = YES;
				CLANG_WARN_RANGE_LOOP_ANALYSIS = YES;
				CLANG_WARN_STRICT_PROTOTYPES = YES;
				CLANG_WARN_SUSPICIOUS_MOVE = YES;
				CLANG_WARN_UNGUARDED_AVAILABILITY = YES_AGGRESSIVE;
				CLANG_WARN_UNREACHABLE_CODE = YES;
				CLANG_WARN__DUPLICATE_METHOD_MATCH = YES;
				COPY_PHASE_STRIP = NO;
				DEBUG_INFORMATION_FORMAT = dwarf;
				ENABLE_STRICT_OBJC_MSGSEND = YES;
				ENABLE_TESTABILITY = YES;
				GCC_C_LANGUAGE_STANDARD = gnu11;
				GCC_DYNAMIC_NO_PIC = NO;
				GCC_NO_COMMON_BLOCKS = YES;
				GCC_OPTIMIZATION_LEVEL = 0;
				GCC_PREPROCESSOR_DEFINITIONS = (
					"DEBUG=1",
					"$(inherited)",
				);
				GCC_WARN_64_TO_32_BIT_CONVERSION = YES;
				GCC_WARN_ABOUT_RETURN_TYPE = YES_ERROR;
				GCC_WARN_UNDECLARED_SELECTOR = YES;
				GCC_WARN_UNINITIALIZED_AUTOS = YES_AGGRESSIVE;
				GCC_WARN_UNUSED_FUNCTION = YES;
				GCC_WARN_UNUSED_VARIABLE = YES;
				IPHONEOS_DEPLOYMENT_TARGET = 14.5;
				MTL_ENABLE_DEBUG_INFO = INCLUDE_SOURCE;
				MTL_FAST_MATH = YES;
				ONLY_ACTIVE_ARCH = YES;
				SDKROOT = iphoneos;
				SWIFT_ACTIVE_COMPILATION_CONDITIONS = DEBUG;
				SWIFT_OPTIMIZATION_LEVEL = "-Onone";
			};
			name = Debug;
		};
		63ADB9BC275F52E100CA117B /* Release */ = {
			isa = XCBuildConfiguration;
			buildSettings = {
				ALWAYS_SEARCH_USER_PATHS = NO;
				CLANG_ANALYZER_NONNULL = YES;
				CLANG_ANALYZER_NUMBER_OBJECT_CONVERSION = YES_AGGRESSIVE;
				CLANG_CXX_LANGUAGE_STANDARD = "gnu++14";
				CLANG_CXX_LIBRARY = "libc++";
				CLANG_ENABLE_MODULES = YES;
				CLANG_ENABLE_OBJC_ARC = YES;
				CLANG_ENABLE_OBJC_WEAK = YES;
				CLANG_WARN_BLOCK_CAPTURE_AUTORELEASING = YES;
				CLANG_WARN_BOOL_CONVERSION = YES;
				CLANG_WARN_COMMA = YES;
				CLANG_WARN_CONSTANT_CONVERSION = YES;
				CLANG_WARN_DEPRECATED_OBJC_IMPLEMENTATIONS = YES;
				CLANG_WARN_DIRECT_OBJC_ISA_USAGE = YES_ERROR;
				CLANG_WARN_DOCUMENTATION_COMMENTS = YES;
				CLANG_WARN_EMPTY_BODY = YES;
				CLANG_WARN_ENUM_CONVERSION = YES;
				CLANG_WARN_INFINITE_RECURSION = YES;
				CLANG_WARN_INT_CONVERSION = YES;
				CLANG_WARN_NON_LITERAL_NULL_CONVERSION = YES;
				CLANG_WARN_OBJC_IMPLICIT_RETAIN_SELF = YES;
				CLANG_WARN_OBJC_LITERAL_CONVERSION = YES;
				CLANG_WARN_OBJC_ROOT_CLASS = YES_ERROR;
				CLANG_WARN_QUOTED_INCLUDE_IN_FRAMEWORK_HEADER = YES;
				CLANG_WARN_RANGE_LOOP_ANALYSIS = YES;
				CLANG_WARN_STRICT_PROTOTYPES = YES;
				CLANG_WARN_SUSPICIOUS_MOVE = YES;
				CLANG_WARN_UNGUARDED_AVAILABILITY = YES_AGGRESSIVE;
				CLANG_WARN_UNREACHABLE_CODE = YES;
				CLANG_WARN__DUPLICATE_METHOD_MATCH = YES;
				COPY_PHASE_STRIP = NO;
				DEBUG_INFORMATION_FORMAT = "dwarf-with-dsym";
				ENABLE_NS_ASSERTIONS = NO;
				ENABLE_STRICT_OBJC_MSGSEND = YES;
				GCC_C_LANGUAGE_STANDARD = gnu11;
				GCC_NO_COMMON_BLOCKS = YES;
				GCC_WARN_64_TO_32_BIT_CONVERSION = YES;
				GCC_WARN_ABOUT_RETURN_TYPE = YES_ERROR;
				GCC_WARN_UNDECLARED_SELECTOR = YES;
				GCC_WARN_UNINITIALIZED_AUTOS = YES_AGGRESSIVE;
				GCC_WARN_UNUSED_FUNCTION = YES;
				GCC_WARN_UNUSED_VARIABLE = YES;
				IPHONEOS_DEPLOYMENT_TARGET = 14.5;
				MTL_ENABLE_DEBUG_INFO = NO;
				MTL_FAST_MATH = YES;
				SDKROOT = iphoneos;
				SWIFT_COMPILATION_MODE = wholemodule;
				SWIFT_OPTIMIZATION_LEVEL = "-O";
				VALIDATE_PRODUCT = YES;
			};
			name = Release;
		};
		63ADB9BE275F52E100CA117B /* Debug */ = {
			isa = XCBuildConfiguration;
			baseConfigurationReference = 2A9FEA23103AAEFC01F8440E /* Pods-RxSwift_UITextLabel_UILabel.debug.xcconfig */;
			buildSettings = {
				ASSETCATALOG_COMPILER_APPICON_NAME = AppIcon;
				ASSETCATALOG_COMPILER_GLOBAL_ACCENT_COLOR_NAME = AccentColor;
				CODE_SIGN_STYLE = Automatic;
				DEVELOPMENT_TEAM = Q8TDW5YY5Q;
				INFOPLIST_FILE = RxSwift_UITextLabel_UILabel/Info.plist;
				LD_RUNPATH_SEARCH_PATHS = (
					"$(inherited)",
					"@executable_path/Frameworks",
				);
				PRODUCT_BUNDLE_IDENTIFIER = "jp.medcierge.RxSwift-UITextLabel-UILabel";
				PRODUCT_NAME = "$(TARGET_NAME)";
				SWIFT_VERSION = 5.0;
				TARGETED_DEVICE_FAMILY = "1,2";
			};
			name = Debug;
		};
		63ADB9BF275F52E100CA117B /* Release */ = {
			isa = XCBuildConfiguration;
			baseConfigurationReference = 87C0506C644D0E57764A434E /* Pods-RxSwift_UITextLabel_UILabel.release.xcconfig */;
			buildSettings = {
				ASSETCATALOG_COMPILER_APPICON_NAME = AppIcon;
				ASSETCATALOG_COMPILER_GLOBAL_ACCENT_COLOR_NAME = AccentColor;
				CODE_SIGN_STYLE = Automatic;
				DEVELOPMENT_TEAM = Q8TDW5YY5Q;
				INFOPLIST_FILE = RxSwift_UITextLabel_UILabel/Info.plist;
				LD_RUNPATH_SEARCH_PATHS = (
					"$(inherited)",
					"@executable_path/Frameworks",
				);
				PRODUCT_BUNDLE_IDENTIFIER = "jp.medcierge.RxSwift-UITextLabel-UILabel";
				PRODUCT_NAME = "$(TARGET_NAME)";
				SWIFT_VERSION = 5.0;
				TARGETED_DEVICE_FAMILY = "1,2";
			};
			name = Release;
		};
/* End XCBuildConfiguration section */

/* Begin XCConfigurationList section */
		63ADB9A4275F52DB00CA117B /* Build configuration list for PBXProject "RxSwift_UITextLabel_UILabel" */ = {
			isa = XCConfigurationList;
			buildConfigurations = (
				63ADB9BB275F52E100CA117B /* Debug */,
				63ADB9BC275F52E100CA117B /* Release */,
			);
			defaultConfigurationIsVisible = 0;
			defaultConfigurationName = Release;
		};
		63ADB9BD275F52E100CA117B /* Build configuration list for PBXNativeTarget "RxSwift_UITextLabel_UILabel" */ = {
			isa = XCConfigurationList;
			buildConfigurations = (
				63ADB9BE275F52E100CA117B /* Debug */,
				63ADB9BF275F52E100CA117B /* Release */,
			);
			defaultConfigurationIsVisible = 0;
			defaultConfigurationName = Release;
		};
/* End XCConfigurationList section */
	};
	rootObject = 63ADB9A1275F52DB00CA117B /* Project object */;
}
